
Microsoft Visual Studio Solution File, Format Version 12.00
# Visual Studio 15
Project("{FAE04EC0-301F-11D3-BF4B-00C04F79EFBC}") = "Assembly-CSharp", "Assembly-CSharp.csproj", "{ADD356EF-4C6C-59CA-7C90-92CE4BCC89D9}"
EndProject
Project("{FAE04EC0-301F-11D3-BF4B-00C04F79EFBC}") = "Unity.ProBuilder.Examples", "Unity.ProBuilder.Examples.csproj", "{20AB7AEC-C18A-D696-015B-1FD00B2E4EE2}"
EndProject
Project("{FAE04EC0-301F-11D3-BF4B-00C04F79EFBC}") = "Unity.ProBuilder.Examples.Editor", "Unity.ProBuilder.Examples.Editor.csproj", "{BDBA2630-71DC-41B2-8F39-23FDA6E44DCF}"
EndProject
Project("{FAE04EC0-301F-11D3-BF4B-00C04F79EFBC}") = "Assembly-CSharp-Editor", "Assembly-CSharp-Editor.csproj", "{1DA3CD05-098F-E96E-A6AA-6E49B75E1444}"
EndProject
Global
	GlobalSection(SolutionConfigurationPlatforms) = preSolution
		Debug|Any CPU = Debug|Any CPU
		Release|Any CPU = Release|Any CPU
	EndGlobalSection
	GlobalSection(ProjectConfigurationPlatforms) = postSolution
		{ADD356EF-4C6C-59CA-7C90-92CE4BCC89D9}.Debug|Any CPU.ActiveCfg = Debug|Any CPU
		{ADD356EF-4C6C-59CA-7C90-92CE4BCC89D9}.Debug|Any CPU.Build.0 = Debug|Any CPU
		{ADD356EF-4C6C-59CA-7C90-92CE4BCC89D9}.Release|Any CPU.ActiveCfg = Release|Any CPU
		{ADD356EF-4C6C-59CA-7C90-92CE4BCC89D9}.Release|Any CPU.Build.0 = Release|Any CPU
		{20AB7AEC-C18A-D696-015B-1FD00B2E4EE2}.Debug|Any CPU.ActiveCfg = Debug|Any CPU
		{20AB7AEC-C18A-D696-015B-1FD00B2E4EE2}.Debug|Any CPU.Build.0 = Debug|Any CPU
		{20AB7AEC-C18A-D696-015B-1FD00B2E4EE2}.Release|Any CPU.ActiveCfg = Release|Any CPU
		{20AB7AEC-C18A-D696-015B-1FD00B2E4EE2}.Release|Any CPU.Build.0 = Release|Any CPU
		{BDBA2630-71DC-41B2-8F39-23FDA6E44DCF}.Debug|Any CPU.ActiveCfg = Debug|Any CPU
		{BDBA2630-71DC-41B2-8F39-23FDA6E44DCF}.Debug|Any CPU.Build.0 = Debug|Any CPU
		{BDBA2630-71DC-41B2-8F39-23FDA6E44DCF}.Release|Any CPU.ActiveCfg = Release|Any CPU
		{BDBA2630-71DC-41B2-8F39-23FDA6E44DCF}.Release|Any CPU.Build.0 = Release|Any CPU
		{1DA3CD05-098F-E96E-A6AA-6E49B75E1444}.Debug|Any CPU.ActiveCfg = Debug|Any CPU
		{1DA3CD05-098F-E96E-A6AA-6E49B75E1444}.Debug|Any CPU.Build.0 = Debug|Any CPU
		{1DA3CD05-098F-E96E-A6AA-6E49B75E1444}.Release|Any CPU.ActiveCfg = Release|Any CPU
		{1DA3CD05-098F-E96E-A6AA-6E49B75E1444}.Release|Any CPU.Build.0 = Release|Any CPU
	EndGlobalSection
	GlobalSection(SolutionProperties) = preSolution
		HideSolutionNode = FALSE
	EndGlobalSection
EndGlobal
